
Microsoft Visual Studio Solution File, Format Version 12.00
# Visual Studio 15
VisualStudioVersion = 15.0.28307.136
MinimumVisualStudioVersion = 10.0.40219.1
Project("{FAE04EC0-301F-11D3-BF4B-00C04F79EFBC}") = "Inventario.COMMON", "..\Inventario.COMMON\Inventario.COMMON.csproj", "{E8BFF099-A662-4BD1-8863-F26C505912F4}"
EndProject
Project("{FAE04EC0-301F-11D3-BF4B-00C04F79EFBC}") = "Inventario.DAL", "Inventario.DAL\Inventario.DAL.csproj", "{568160EB-E410-4B99-B237-DC3E9B5A41F3}"
EndProject
Global
	GlobalSection(SolutionConfigurationPlatforms) = preSolution
		Debug|Any CPU = Debug|Any CPU
		Release|Any CPU = Release|Any CPU
	EndGlobalSection
	GlobalSection(ProjectConfigurationPlatforms) = postSolution
		{E8BFF099-A662-4BD1-8863-F26C505912F4}.Debug|Any CPU.ActiveCfg = Debug|Any CPU
		{E8BFF099-A662-4BD1-8863-F26C505912F4}.Debug|Any CPU.Build.0 = Debug|Any CPU
		{E8BFF099-A662-4BD1-8863-F26C505912F4}.Release|Any CPU.ActiveCfg = Release|Any CPU
		{E8BFF099-A662-4BD1-8863-F26C505912F4}.Release|Any CPU.Build.0 = Release|Any CPU
		{568160EB-E410-4B99-B237-DC3E9B5A41F3}.Debug|Any CPU.ActiveCfg = Debug|Any CPU
		{568160EB-E410-4B99-B237-DC3E9B5A41F3}.Debug|Any CPU.Build.0 = Debug|Any CPU
		{568160EB-E410-4B99-B237-DC3E9B5A41F3}.Release|Any CPU.ActiveCfg = Release|Any CPU
		{568160EB-E410-4B99-B237-DC3E9B5A41F3}.Release|Any CPU.Build.0 = Release|Any CPU
	EndGlobalSection
	GlobalSection(SolutionProperties) = preSolution
		HideSolutionNode = FALSE
	EndGlobalSection
	GlobalSection(ExtensibilityGlobals) = postSolution
		SolutionGuid = {1EC04A7D-277E-478C-9BBA-AB1A8A898110}
	EndGlobalSection
EndGlobal
