
Microsoft Visual Studio Solution File, Format Version 12.00
# Visual Studio 15
VisualStudioVersion = 15.0.28306.52
MinimumVisualStudioVersion = 10.0.40219.1
Project("{FAE04EC0-301F-11D3-BF4B-00C04F79EFBC}") = "MiWebAzure", "MiWebAzure\MiWebAzure.csproj", "{391C4753-2D7C-4103-9D3A-E3DFD5985A47}"
EndProject
Global
	GlobalSection(SolutionConfigurationPlatforms) = preSolution
		Debug|Any CPU = Debug|Any CPU
		Release|Any CPU = Release|Any CPU
	EndGlobalSection
	GlobalSection(ProjectConfigurationPlatforms) = postSolution
		{391C4753-2D7C-4103-9D3A-E3DFD5985A47}.Debug|Any CPU.ActiveCfg = Debug|Any CPU
		{391C4753-2D7C-4103-9D3A-E3DFD5985A47}.Debug|Any CPU.Build.0 = Debug|Any CPU
		{391C4753-2D7C-4103-9D3A-E3DFD5985A47}.Release|Any CPU.ActiveCfg = Release|Any CPU
		{391C4753-2D7C-4103-9D3A-E3DFD5985A47}.Release|Any CPU.Build.0 = Release|Any CPU
	EndGlobalSection
	GlobalSection(SolutionProperties) = preSolution
		HideSolutionNode = FALSE
	EndGlobalSection
	GlobalSection(ExtensibilityGlobals) = postSolution
		SolutionGuid = {3B440DD0-8FDB-47D0-9CC7-37043B415681}
	EndGlobalSection
EndGlobal
